// !$*UTF8*$!
{
	archiveVersion = 1;
	classes = {
	};
	objectVersion = 55;
	objects = {

/* Begin PBXBuildFile section */
		790E589227799672005136DB /* TorUtils.swift in Sources */ = {isa = PBXBuildFile; fileRef = 790E589127799672005136DB /* TorUtils.swift */; };
		790E58E72779C104005136DB /* TorBase.h in Headers */ = {isa = PBXBuildFile; fileRef = 790E58E62779C104005136DB /* TorBase.h */; settings = {ATTRIBUTES = (Public, ); }; };
		790E58EA2779ED57005136DB /* libz.tbd in Frameworks */ = {isa = PBXBuildFile; fileRef = 790E58E92779ECF0005136DB /* libz.tbd */; };
/* End PBXBuildFile section */

/* Begin PBXFileReference section */
		790E586427799561005136DB /* TorBase.framework */ = {isa = PBXFileReference; explicitFileType = wrapper.framework; includeInIndex = 0; path = TorBase.framework; sourceTree = BUILT_PRODUCTS_DIR; };
		790E589127799672005136DB /* TorUtils.swift */ = {isa = PBXFileReference; lastKnownFileType = sourcecode.swift; path = TorUtils.swift; sourceTree = "<group>"; };
		790E58E62779C104005136DB /* TorBase.h */ = {isa = PBXFileReference; fileEncoding = 4; lastKnownFileType = sourcecode.c.h; path = TorBase.h; sourceTree = "<group>"; };
		790E58E92779ECF0005136DB /* libz.tbd */ = {isa = PBXFileReference; lastKnownFileType = "sourcecode.text-based-dylib-definition"; name = libz.tbd; path = Platforms/MacOSX.platform/Developer/SDKs/MacOSX12.1.sdk/usr/lib/libz.tbd; sourceTree = DEVELOPER_DIR; };
/* End PBXFileReference section */

/* Begin PBXFrameworksBuildPhase section */
		790E586127799561005136DB /* Frameworks */ = {
			isa = PBXFrameworksBuildPhase;
			buildActionMask = 2147483647;
			files = (
				790E58EA2779ED57005136DB /* libz.tbd in Frameworks */,
			);
			runOnlyForDeploymentPostprocessing = 0;
		};
/* End PBXFrameworksBuildPhase section */

/* Begin PBXGroup section */
		790E585A27799561005136DB = {
			isa = PBXGroup;
			children = (
				790E586627799561005136DB /* TorBase */,
				790E586527799561005136DB /* Products */,
				790E587E277995B7005136DB /* Frameworks */,
			);
			sourceTree = "<group>";
		};
		790E586527799561005136DB /* Products */ = {
			isa = PBXGroup;
			children = (
				790E586427799561005136DB /* TorBase.framework */,
			);
			name = Products;
			sourceTree = "<group>";
		};
		790E586627799561005136DB /* TorBase */ = {
			isa = PBXGroup;
			children = (
				790E58E62779C104005136DB /* TorBase.h */,
				790E589127799672005136DB /* TorUtils.swift */,
			);
			path = TorBase;
			sourceTree = "<group>";
		};
		790E587E277995B7005136DB /* Frameworks */ = {
			isa = PBXGroup;
			children = (
				790E58E92779ECF0005136DB /* libz.tbd */,
			);
			name = Frameworks;
			sourceTree = "<group>";
		};
/* End PBXGroup section */

/* Begin PBXHeadersBuildPhase section */
		790E585F27799561005136DB /* Headers */ = {
			isa = PBXHeadersBuildPhase;
			buildActionMask = 2147483647;
			files = (
				790E58E72779C104005136DB /* TorBase.h in Headers */,
			);
			runOnlyForDeploymentPostprocessing = 0;
		};
/* End PBXHeadersBuildPhase section */

/* Begin PBXNativeTarget section */
		790E586327799561005136DB /* TorBase */ = {
			isa = PBXNativeTarget;
			buildConfigurationList = 790E587827799561005136DB /* Build configuration list for PBXNativeTarget "TorBase" */;
			buildPhases = (
				790E585F27799561005136DB /* Headers */,
				790E586027799561005136DB /* Sources */,
				790E586127799561005136DB /* Frameworks */,
				790E586227799561005136DB /* Resources */,
			);
			buildRules = (
			);
			dependencies = (
			);
			name = TorBase;
			packageProductDependencies = (
			);
			productName = Tor;
			productReference = 790E586427799561005136DB /* TorBase.framework */;
			productType = "com.apple.product-type.framework";
		};
/* End PBXNativeTarget section */

/* Begin PBXProject section */
		790E585B27799561005136DB /* Project object */ = {
			isa = PBXProject;
			attributes = {
				BuildIndependentTargetsInParallel = 1;
				LastSwiftUpdateCheck = 1320;
				LastUpgradeCheck = 1320;
				TargetAttributes = {
					790E586327799561005136DB = {
						CreatedOnToolsVersion = 13.2;
					};
				};
			};
			buildConfigurationList = 790E585E27799561005136DB /* Build configuration list for PBXProject "TorBase" */;
			compatibilityVersion = "Xcode 13.0";
			developmentRegion = en;
			hasScannedForEncodings = 0;
			knownRegions = (
				en,
				Base,
			);
			mainGroup = 790E585A27799561005136DB;
			packageReferences = (
			);
			productRefGroup = 790E586527799561005136DB /* Products */;
			projectDirPath = "";
			projectRoot = "";
			targets = (
				790E586327799561005136DB /* TorBase */,
			);
		};
/* End PBXProject section */

/* Begin PBXResourcesBuildPhase section */
		790E586227799561005136DB /* Resources */ = {
			isa = PBXResourcesBuildPhase;
			buildActionMask = 2147483647;
			files = (
			);
			runOnlyForDeploymentPostprocessing = 0;
		};
/* End PBXResourcesBuildPhase section */

/* Begin PBXSourcesBuildPhase section */
		790E586027799561005136DB /* Sources */ = {
			isa = PBXSourcesBuildPhase;
			buildActionMask = 2147483647;
			files = (
				790E589227799672005136DB /* TorUtils.swift in Sources */,
			);
			runOnlyForDeploymentPostprocessing = 0;
		};
/* End PBXSourcesBuildPhase section */

/* Begin XCBuildConfiguration section */
		790E587627799561005136DB /* Debug */ = {
			isa = XCBuildConfiguration;
			buildSettings = {
				ALWAYS_SEARCH_USER_PATHS = NO;
				CLANG_ANALYZER_NONNULL = YES;
				CLANG_ANALYZER_NUMBER_OBJECT_CONVERSION = YES_AGGRESSIVE;
				CLANG_CXX_LANGUAGE_STANDARD = "gnu++17";
				CLANG_CXX_LIBRARY = "libc++";
				CLANG_ENABLE_MODULES = YES;
				CLANG_ENABLE_OBJC_ARC = YES;
				CLANG_ENABLE_OBJC_WEAK = YES;
				CLANG_WARN_BLOCK_CAPTURE_AUTORELEASING = YES;
				CLANG_WARN_BOOL_CONVERSION = YES;
				CLANG_WARN_COMMA = YES;
				CLANG_WARN_CONSTANT_CONVERSION = YES;
				CLANG_WARN_DEPRECATED_OBJC_IMPLEMENTATIONS = YES;
				CLANG_WARN_DIRECT_OBJC_ISA_USAGE = YES_ERROR;
				CLANG_WARN_DOCUMENTATION_COMMENTS = YES;
				CLANG_WARN_EMPTY_BODY = YES;
				CLANG_WARN_ENUM_CONVERSION = YES;
				CLANG_WARN_INFINITE_RECURSION = YES;
				CLANG_WARN_INT_CONVERSION = YES;
				CLANG_WARN_NON_LITERAL_NULL_CONVERSION = YES;
				CLANG_WARN_OBJC_IMPLICIT_RETAIN_SELF = YES;
				CLANG_WARN_OBJC_LITERAL_CONVERSION = YES;
				CLANG_WARN_OBJC_ROOT_CLASS = YES_ERROR;
				CLANG_WARN_QUOTED_INCLUDE_IN_FRAMEWORK_HEADER = YES;
				CLANG_WARN_RANGE_LOOP_ANALYSIS = YES;
				CLANG_WARN_STRICT_PROTOTYPES = YES;
				CLANG_WARN_SUSPICIOUS_MOVE = YES;
				CLANG_WARN_UNGUARDED_AVAILABILITY = YES_AGGRESSIVE;
				CLANG_WARN_UNREACHABLE_CODE = YES;
				CLANG_WARN__DUPLICATE_METHOD_MATCH = YES;
				COPY_PHASE_STRIP = NO;
				CURRENT_PROJECT_VERSION = 1;
				DEBUG_INFORMATION_FORMAT = dwarf;
				ENABLE_STRICT_OBJC_MSGSEND = YES;
				ENABLE_TESTABILITY = YES;
				GCC_C_LANGUAGE_STANDARD = gnu11;
				GCC_DYNAMIC_NO_PIC = NO;
				GCC_NO_COMMON_BLOCKS = YES;
				GCC_OPTIMIZATION_LEVEL = 0;
				GCC_PREPROCESSOR_DEFINITIONS = (
					"DEBUG=1",
					"$(inherited)",
				);
				GCC_WARN_64_TO_32_BIT_CONVERSION = YES;
				GCC_WARN_ABOUT_RETURN_TYPE = YES_ERROR;
				GCC_WARN_UNDECLARED_SELECTOR = YES;
				GCC_WARN_UNINITIALIZED_AUTOS = YES_AGGRESSIVE;
				GCC_WARN_UNUSED_FUNCTION = YES;
				GCC_WARN_UNUSED_VARIABLE = YES;
				IPHONEOS_DEPLOYMENT_TARGET = 15.2;
				MTL_ENABLE_DEBUG_INFO = INCLUDE_SOURCE;
				MTL_FAST_MATH = YES;
				ONLY_ACTIVE_ARCH = YES;
				SDKROOT = iphoneos;
				SWIFT_ACTIVE_COMPILATION_CONDITIONS = DEBUG;
				SWIFT_OPTIMIZATION_LEVEL = "-Onone";
				VERSIONING_SYSTEM = "apple-generic";
				VERSION_INFO_PREFIX = "";
			};
			name = Debug;
		};
		790E587727799561005136DB /* Release */ = {
			isa = XCBuildConfiguration;
			buildSettings = {
				ALWAYS_SEARCH_USER_PATHS = NO;
				CLANG_ANALYZER_NONNULL = YES;
				CLANG_ANALYZER_NUMBER_OBJECT_CONVERSION = YES_AGGRESSIVE;
				CLANG_CXX_LANGUAGE_STANDARD = "gnu++17";
				CLANG_CXX_LIBRARY = "libc++";
				CLANG_ENABLE_MODULES = YES;
				CLANG_ENABLE_OBJC_ARC = YES;
				CLANG_ENABLE_OBJC_WEAK = YES;
				CLANG_WARN_BLOCK_CAPTURE_AUTORELEASING = YES;
				CLANG_WARN_BOOL_CONVERSION = YES;
				CLANG_WARN_COMMA = YES;
				CLANG_WARN_CONSTANT_CONVERSION = YES;
				CLANG_WARN_DEPRECATED_OBJC_IMPLEMENTATIONS = YES;
				CLANG_WARN_DIRECT_OBJC_ISA_USAGE = YES_ERROR;
				CLANG_WARN_DOCUMENTATION_COMMENTS = YES;
				CLANG_WARN_EMPTY_BODY = YES;
				CLANG_WARN_ENUM_CONVERSION = YES;
				CLANG_WARN_INFINITE_RECURSION = YES;
				CLANG_WARN_INT_CONVERSION = YES;
				CLANG_WARN_NON_LITERAL_NULL_CONVERSION = YES;
				CLANG_WARN_OBJC_IMPLICIT_RETAIN_SELF = YES;
				CLANG_WARN_OBJC_LITERAL_CONVERSION = YES;
				CLANG_WARN_OBJC_ROOT_CLASS = YES_ERROR;
				CLANG_WARN_QUOTED_INCLUDE_IN_FRAMEWORK_HEADER = YES;
				CLANG_WARN_RANGE_LOOP_ANALYSIS = YES;
				CLANG_WARN_STRICT_PROTOTYPES = YES;
				CLANG_WARN_SUSPICIOUS_MOVE = YES;
				CLANG_WARN_UNGUARDED_AVAILABILITY = YES_AGGRESSIVE;
				CLANG_WARN_UNREACHABLE_CODE = YES;
				CLANG_WARN__DUPLICATE_METHOD_MATCH = YES;
				COPY_PHASE_STRIP = NO;
				CURRENT_PROJECT_VERSION = 1;
				DEBUG_INFORMATION_FORMAT = "dwarf-with-dsym";
				ENABLE_NS_ASSERTIONS = NO;
				ENABLE_STRICT_OBJC_MSGSEND = YES;
				GCC_C_LANGUAGE_STANDARD = gnu11;
				GCC_NO_COMMON_BLOCKS = YES;
				GCC_WARN_64_TO_32_BIT_CONVERSION = YES;
				GCC_WARN_ABOUT_RETURN_TYPE = YES_ERROR;
				GCC_WARN_UNDECLARED_SELECTOR = YES;
				GCC_WARN_UNINITIALIZED_AUTOS = YES_AGGRESSIVE;
				GCC_WARN_UNUSED_FUNCTION = YES;
				GCC_WARN_UNUSED_VARIABLE = YES;
				IPHONEOS_DEPLOYMENT_TARGET = 15.2;
				MTL_ENABLE_DEBUG_INFO = NO;
				MTL_FAST_MATH = YES;
				SDKROOT = iphoneos;
				SWIFT_COMPILATION_MODE = wholemodule;
				SWIFT_OPTIMIZATION_LEVEL = "-O";
				VALIDATE_PRODUCT = YES;
				VERSIONING_SYSTEM = "apple-generic";
				VERSION_INFO_PREFIX = "";
			};
			name = Release;
		};
		790E587927799561005136DB /* Debug */ = {
			isa = XCBuildConfiguration;
			buildSettings = {
				BUILD_LIBRARY_FOR_DISTRIBUTION = YES;
				CODE_SIGN_STYLE = Automatic;
				CURRENT_PROJECT_VERSION = 1;
				DEFINES_MODULE = YES;
				DEVELOPMENT_TEAM = YZHG975W3A;
				DYLIB_COMPATIBILITY_VERSION = 1;
				DYLIB_CURRENT_VERSION = 1;
				DYLIB_INSTALL_NAME_BASE = "@rpath";
				GENERATE_INFOPLIST_FILE = YES;
				HEADER_SEARCH_PATHS = (
					"\"$(SRCROOT)/build/arm64-apple-ios-simulator/liblzma/include\"",
					"\"$(SRCROOT)/build/arm64-apple-ios-simulator/openssl/include\"",
					"\"$(SRCROOT)/build/arm64-apple-ios-simulator/libevent/include\"",
					"\"$(SRCROOT)/build/arm64-apple-ios-simulator/tor/include\"",
				);
				INFOPLIST_KEY_NSHumanReadableCopyright = "";
				INSTALL_PATH = "$(LOCAL_LIBRARY_DIR)/Frameworks";
				LD_RUNPATH_SEARCH_PATHS = (
					"$(inherited)",
					"@executable_path/Frameworks",
					"@loader_path/Frameworks",
				);
				LIBRARY_SEARCH_PATHS = (
					"$(inherited)",
					"$(PROJECT_DIR)/build/arm64-apple-ios-simulator/liblzma/lib",
					"$(PROJECT_DIR)/build/arm64-apple-ios-simulator/openssl/lib",
					"$(PROJECT_DIR)/build/arm64-apple-ios-simulator/libevent/lib",
					"$(PROJECT_DIR)/build/arm64-apple-ios-simulator/tor/lib",
				);
				MARKETING_VERSION = 1.0;
				OTHER_LDFLAGS = (
					"-llzma",
					"-lssl",
					"-lcrypto",
					"-levent",
					"-levent_pthreads",
					"-levent_openssl",
					"-levent_extra",
					"-levent_core",
					"-ltor",
				);
				PRODUCT_BUNDLE_IDENTIFIER = com.blockchaincommons.Tor;
				PRODUCT_NAME = "$(TARGET_NAME:c99extidentifier)";
				SKIP_INSTALL = YES;
				SWIFT_EMIT_LOC_STRINGS = YES;
				SWIFT_INCLUDE_PATHS = "\"$(SRCROOT)/build/arm64-apple-ios-simulator/liblzma/lib\" \"$(SRCROOT)/build/arm64-apple-ios-simulator/openssl/lib\" \"$(SRCROOT)/build/arm64-apple-ios-simulator/libevent/lib\" \"$(SRCROOT)/build/arm64-apple-ios-simulator/tor/lib\"";
				SWIFT_VERSION = 5.0;
				TARGETED_DEVICE_FAMILY = "1,2";
			};
			name = Debug;
		};
		790E587A27799561005136DB /* Release */ = {
			isa = XCBuildConfiguration;
			buildSettings = {
				BUILD_LIBRARY_FOR_DISTRIBUTION = YES;
				CODE_SIGN_STYLE = Automatic;
				CURRENT_PROJECT_VERSION = 1;
				DEFINES_MODULE = YES;
				DEVELOPMENT_TEAM = YZHG975W3A;
				DYLIB_COMPATIBILITY_VERSION = 1;
				DYLIB_CURRENT_VERSION = 1;
				DYLIB_INSTALL_NAME_BASE = "@rpath";
				GENERATE_INFOPLIST_FILE = YES;
				HEADER_SEARCH_PATHS = (
					"\"$(SRCROOT)/build/arm64-apple-ios-simulator/liblzma/include\"",
					"\"$(SRCROOT)/build/arm64-apple-ios-simulator/openssl/include\"",
					"\"$(SRCROOT)/build/arm64-apple-ios-simulator/libevent/include\"",
					"\"$(SRCROOT)/build/arm64-apple-ios-simulator/tor/include\"",
				);
				INFOPLIST_KEY_NSHumanReadableCopyright = "";
				INSTALL_PATH = "$(LOCAL_LIBRARY_DIR)/Frameworks";
				LD_RUNPATH_SEARCH_PATHS = (
					"$(inherited)",
					"@executable_path/Frameworks",
					"@loader_path/Frameworks",
				);
				LIBRARY_SEARCH_PATHS = (
					"$(inherited)",
					"$(PROJECT_DIR)/build/arm64-apple-ios-simulator/liblzma/lib",
					"$(PROJECT_DIR)/build/arm64-apple-ios-simulator/openssl/lib",
					"$(PROJECT_DIR)/build/arm64-apple-ios-simulator/libevent/lib",
					"$(PROJECT_DIR)/build/arm64-apple-ios-simulator/tor/lib",
				);
				MARKETING_VERSION = 1.0;
				OTHER_LDFLAGS = (
					"-llzma",
					"-lssl",
					"-lcrypto",
					"-levent",
					"-levent_pthreads",
					"-levent_openssl",
					"-levent_extra",
					"-levent_core",
					"-ltor",
				);
				PRODUCT_BUNDLE_IDENTIFIER = com.blockchaincommons.Tor;
				PRODUCT_NAME = "$(TARGET_NAME:c99extidentifier)";
				SKIP_INSTALL = YES;
				SWIFT_EMIT_LOC_STRINGS = YES;
				SWIFT_INCLUDE_PATHS = "\"$(SRCROOT)/build/arm64-apple-ios-simulator/liblzma/lib\" \"$(SRCROOT)/build/arm64-apple-ios-simulator/openssl/lib\" \"$(SRCROOT)/build/arm64-apple-ios-simulator/libevent/lib\" \"$(SRCROOT)/build/arm64-apple-ios-simulator/tor/lib\"";
				SWIFT_VERSION = 5.0;
				TARGETED_DEVICE_FAMILY = "1,2";
			};
			name = Release;
		};
/* End XCBuildConfiguration section */

/* Begin XCConfigurationList section */
		790E585E27799561005136DB /* Build configuration list for PBXProject "TorBase" */ = {
			isa = XCConfigurationList;
			buildConfigurations = (
				790E587627799561005136DB /* Debug */,
				790E587727799561005136DB /* Release */,
			);
			defaultConfigurationIsVisible = 0;
			defaultConfigurationName = Release;
		};
		790E587827799561005136DB /* Build configuration list for PBXNativeTarget "TorBase" */ = {
			isa = XCConfigurationList;
			buildConfigurations = (
				790E587927799561005136DB /* Debug */,
				790E587A27799561005136DB /* Release */,
			);
			defaultConfigurationIsVisible = 0;
			defaultConfigurationName = Release;
		};
/* End XCConfigurationList section */
	};
	rootObject = 790E585B27799561005136DB /* Project object */;
}
